// !$*UTF8*$!
{
	archiveVersion = 1;
	classes = {
	};
	objectVersion = 56;
	objects = {

/* Begin PBXBuildFile section */
		450A11B329F879570050845C /* AppDelegate.swift in Sources */ = {isa = PBXBuildFile; fileRef = 450A11B229F879570050845C /* AppDelegate.swift */; };
		450A11B529F879570050845C /* SceneDelegate.swift in Sources */ = {isa = PBXBuildFile; fileRef = 450A11B429F879570050845C /* SceneDelegate.swift */; };
		450A11B729F879570050845C /* SigninViewController.swift in Sources */ = {isa = PBXBuildFile; fileRef = 450A11B629F879570050845C /* SigninViewController.swift */; };
		450A11BA29F879570050845C /* Main.storyboard in Resources */ = {isa = PBXBuildFile; fileRef = 450A11B829F879570050845C /* Main.storyboard */; };
		450A11BD29F879570050845C /* AlifTest.xcdatamodeld in Sources */ = {isa = PBXBuildFile; fileRef = 450A11BB29F879570050845C /* AlifTest.xcdatamodeld */; };
		450A11BF29F879600050845C /* Assets.xcassets in Resources */ = {isa = PBXBuildFile; fileRef = 450A11BE29F879600050845C /* Assets.xcassets */; };
		450A11C229F879600050845C /* LaunchScreen.storyboard in Resources */ = {isa = PBXBuildFile; fileRef = 450A11C029F879600050845C /* LaunchScreen.storyboard */; };
		450A11E429F87AA80050845C /* TestNumberOne.swift in Sources */ = {isa = PBXBuildFile; fileRef = 450A11E329F87AA80050845C /* TestNumberOne.swift */; };
		450A11E629F883AE0050845C /* CoreDataMeneger.swift in Sources */ = {isa = PBXBuildFile; fileRef = 450A11E529F883AE0050845C /* CoreDataMeneger.swift */; };
		450A11E829F884D80050845C /* SigninView.swift in Sources */ = {isa = PBXBuildFile; fileRef = 450A11E729F884D80050845C /* SigninView.swift */; };
		450A11EA29F8850D0050845C /* SigninViewModel.swift in Sources */ = {isa = PBXBuildFile; fileRef = 450A11E929F8850D0050845C /* SigninViewModel.swift */; };
		450A11EC29F885540050845C /* UIViewController+Alert.swift in Sources */ = {isa = PBXBuildFile; fileRef = 450A11EB29F885540050845C /* UIViewController+Alert.swift */; };
		450A11EE29F8857E0050845C /* Labels+TextFields.swift in Sources */ = {isa = PBXBuildFile; fileRef = 450A11ED29F8857E0050845C /* Labels+TextFields.swift */; };
		450A11F129F885EB0050845C /* Buttons+ImageView.swift in Sources */ = {isa = PBXBuildFile; fileRef = 450A11F029F885EB0050845C /* Buttons+ImageView.swift */; };
		450A11F329F8864B0050845C /* AppCoordinator.swift in Sources */ = {isa = PBXBuildFile; fileRef = 450A11F229F8864B0050845C /* AppCoordinator.swift */; };
		450A11F529F8866A0050845C /* Coordinatable.swift in Sources */ = {isa = PBXBuildFile; fileRef = 450A11F429F8866A0050845C /* Coordinatable.swift */; };
		450A11F729F8868C0050845C /* Module.swift in Sources */ = {isa = PBXBuildFile; fileRef = 450A11F629F8868C0050845C /* Module.swift */; };
		450A11F929F887510050845C /* AppFactory.swift in Sources */ = {isa = PBXBuildFile; fileRef = 450A11F829F887510050845C /* AppFactory.swift */; };
		450A11FB29F889E40050845C /* LoginViewController.swift in Sources */ = {isa = PBXBuildFile; fileRef = 450A11FA29F889E40050845C /* LoginViewController.swift */; };
		450A11FD29F88A440050845C /* Color+String.swift in Sources */ = {isa = PBXBuildFile; fileRef = 450A11FC29F88A440050845C /* Color+String.swift */; };
		450A120429F892840050845C /* TaskViewController.swift in Sources */ = {isa = PBXBuildFile; fileRef = 450A120329F892840050845C /* TaskViewController.swift */; };
		450A120629F89D0E0050845C /* TabBar.swift in Sources */ = {isa = PBXBuildFile; fileRef = 450A120529F89D0E0050845C /* TabBar.swift */; };
		450A120829F89E880050845C /* TaskViewModel.swift in Sources */ = {isa = PBXBuildFile; fileRef = 450A120729F89E880050845C /* TaskViewModel.swift */; };
		450A120B29F89F570050845C /* SettingsViewController.swift in Sources */ = {isa = PBXBuildFile; fileRef = 450A120A29F89F570050845C /* SettingsViewController.swift */; };
		450A120D29F89F6C0050845C /* SettingsViewModel.swift in Sources */ = {isa = PBXBuildFile; fileRef = 450A120C29F89F6C0050845C /* SettingsViewModel.swift */; };
		450A120F29F8A09E0050845C /* SettingsCoordinator.swift in Sources */ = {isa = PBXBuildFile; fileRef = 450A120E29F8A09E0050845C /* SettingsCoordinator.swift */; };
		450A121129F8A0AF0050845C /* TaskCoordinator.swift in Sources */ = {isa = PBXBuildFile; fileRef = 450A121029F8A0AF0050845C /* TaskCoordinator.swift */; };
		450A121329F932F30050845C /* TaskView.swift in Sources */ = {isa = PBXBuildFile; fileRef = 450A121229F932F30050845C /* TaskView.swift */; };
		450A121529F934720050845C /* TaskCollectionViewCell.swift in Sources */ = {isa = PBXBuildFile; fileRef = 450A121429F934710050845C /* TaskCollectionViewCell.swift */; };
		45C9BFC829F95E1A0067323B /* CreateTaskViewController.swift in Sources */ = {isa = PBXBuildFile; fileRef = 45C9BFC729F95E1A0067323B /* CreateTaskViewController.swift */; };
		45C9BFCB29F977780067323B /* EditViewController.swift in Sources */ = {isa = PBXBuildFile; fileRef = 45C9BFCA29F977780067323B /* EditViewController.swift */; };
/* End PBXBuildFile section */

/* Begin PBXFileReference section */
		450A11AF29F879560050845C /* AlifTest.app */ = {isa = PBXFileReference; explicitFileType = wrapper.application; includeInIndex = 0; path = AlifTest.app; sourceTree = BUILT_PRODUCTS_DIR; };
		450A11B229F879570050845C /* AppDelegate.swift */ = {isa = PBXFileReference; lastKnownFileType = sourcecode.swift; path = AppDelegate.swift; sourceTree = "<group>"; };
		450A11B429F879570050845C /* SceneDelegate.swift */ = {isa = PBXFileReference; lastKnownFileType = sourcecode.swift; path = SceneDelegate.swift; sourceTree = "<group>"; };
		450A11B629F879570050845C /* SigninViewController.swift */ = {isa = PBXFileReference; lastKnownFileType = sourcecode.swift; path = SigninViewController.swift; sourceTree = "<group>"; };
		450A11B929F879570050845C /* Base */ = {isa = PBXFileReference; lastKnownFileType = file.storyboard; name = Base; path = Base.lproj/Main.storyboard; sourceTree = "<group>"; };
		450A11BC29F879570050845C /* AlifTest.xcdatamodel */ = {isa = PBXFileReference; lastKnownFileType = wrapper.xcdatamodel; path = AlifTest.xcdatamodel; sourceTree = "<group>"; };
		450A11BE29F879600050845C /* Assets.xcassets */ = {isa = PBXFileReference; lastKnownFileType = folder.assetcatalog; path = Assets.xcassets; sourceTree = "<group>"; };
		450A11C129F879600050845C /* Base */ = {isa = PBXFileReference; lastKnownFileType = file.storyboard; name = Base; path = Base.lproj/LaunchScreen.storyboard; sourceTree = "<group>"; };
		450A11C329F879600050845C /* Info.plist */ = {isa = PBXFileReference; lastKnownFileType = text.plist.xml; path = Info.plist; sourceTree = "<group>"; };
		450A11E329F87AA80050845C /* TestNumberOne.swift */ = {isa = PBXFileReference; lastKnownFileType = sourcecode.swift; path = TestNumberOne.swift; sourceTree = "<group>"; };
		450A11E529F883AE0050845C /* CoreDataMeneger.swift */ = {isa = PBXFileReference; lastKnownFileType = sourcecode.swift; path = CoreDataMeneger.swift; sourceTree = "<group>"; };
		450A11E729F884D80050845C /* SigninView.swift */ = {isa = PBXFileReference; lastKnownFileType = sourcecode.swift; path = SigninView.swift; sourceTree = "<group>"; };
		450A11E929F8850D0050845C /* SigninViewModel.swift */ = {isa = PBXFileReference; lastKnownFileType = sourcecode.swift; path = SigninViewModel.swift; sourceTree = "<group>"; };
		450A11EB29F885540050845C /* UIViewController+Alert.swift */ = {isa = PBXFileReference; lastKnownFileType = sourcecode.swift; path = "UIViewController+Alert.swift"; sourceTree = "<group>"; };
		450A11ED29F8857E0050845C /* Labels+TextFields.swift */ = {isa = PBXFileReference; lastKnownFileType = sourcecode.swift; path = "Labels+TextFields.swift"; sourceTree = "<group>"; };
		450A11F029F885EB0050845C /* Buttons+ImageView.swift */ = {isa = PBXFileReference; lastKnownFileType = sourcecode.swift; path = "Buttons+ImageView.swift"; sourceTree = "<group>"; };
		450A11F229F8864B0050845C /* AppCoordinator.swift */ = {isa = PBXFileReference; lastKnownFileType = sourcecode.swift; path = AppCoordinator.swift; sourceTree = "<group>"; };
		450A11F429F8866A0050845C /* Coordinatable.swift */ = {isa = PBXFileReference; lastKnownFileType = sourcecode.swift; path = Coordinatable.swift; sourceTree = "<group>"; };
		450A11F629F8868C0050845C /* Module.swift */ = {isa = PBXFileReference; lastKnownFileType = sourcecode.swift; path = Module.swift; sourceTree = "<group>"; };
		450A11F829F887510050845C /* AppFactory.swift */ = {isa = PBXFileReference; lastKnownFileType = sourcecode.swift; path = AppFactory.swift; sourceTree = "<group>"; };
		450A11FA29F889E40050845C /* LoginViewController.swift */ = {isa = PBXFileReference; lastKnownFileType = sourcecode.swift; path = LoginViewController.swift; sourceTree = "<group>"; };
		450A11FC29F88A440050845C /* Color+String.swift */ = {isa = PBXFileReference; lastKnownFileType = sourcecode.swift; path = "Color+String.swift"; sourceTree = "<group>"; };
		450A120329F892840050845C /* TaskViewController.swift */ = {isa = PBXFileReference; lastKnownFileType = sourcecode.swift; path = TaskViewController.swift; sourceTree = "<group>"; };
		450A120529F89D0E0050845C /* TabBar.swift */ = {isa = PBXFileReference; lastKnownFileType = sourcecode.swift; path = TabBar.swift; sourceTree = "<group>"; };
		450A120729F89E880050845C /* TaskViewModel.swift */ = {isa = PBXFileReference; lastKnownFileType = sourcecode.swift; path = TaskViewModel.swift; sourceTree = "<group>"; };
		450A120A29F89F570050845C /* SettingsViewController.swift */ = {isa = PBXFileReference; lastKnownFileType = sourcecode.swift; path = SettingsViewController.swift; sourceTree = "<group>"; };
		450A120C29F89F6C0050845C /* SettingsViewModel.swift */ = {isa = PBXFileReference; lastKnownFileType = sourcecode.swift; path = SettingsViewModel.swift; sourceTree = "<group>"; };
		450A120E29F8A09E0050845C /* SettingsCoordinator.swift */ = {isa = PBXFileReference; lastKnownFileType = sourcecode.swift; path = SettingsCoordinator.swift; sourceTree = "<group>"; };
		450A121029F8A0AF0050845C /* TaskCoordinator.swift */ = {isa = PBXFileReference; lastKnownFileType = sourcecode.swift; path = TaskCoordinator.swift; sourceTree = "<group>"; };
		450A121229F932F30050845C /* TaskView.swift */ = {isa = PBXFileReference; lastKnownFileType = sourcecode.swift; path = TaskView.swift; sourceTree = "<group>"; };
		450A121429F934710050845C /* TaskCollectionViewCell.swift */ = {isa = PBXFileReference; lastKnownFileType = sourcecode.swift; path = TaskCollectionViewCell.swift; sourceTree = "<group>"; };
		45C9BFC729F95E1A0067323B /* CreateTaskViewController.swift */ = {isa = PBXFileReference; lastKnownFileType = sourcecode.swift; path = CreateTaskViewController.swift; sourceTree = "<group>"; };
		45C9BFCA29F977780067323B /* EditViewController.swift */ = {isa = PBXFileReference; lastKnownFileType = sourcecode.swift; path = EditViewController.swift; sourceTree = "<group>"; };
/* End PBXFileReference section */

/* Begin PBXFrameworksBuildPhase section */
		450A11AC29F879560050845C /* Frameworks */ = {
			isa = PBXFrameworksBuildPhase;
			buildActionMask = 2147483647;
			files = (
			);
			runOnlyForDeploymentPostprocessing = 0;
		};
/* End PBXFrameworksBuildPhase section */

/* Begin PBXGroup section */
		450A11A629F879560050845C = {
			isa = PBXGroup;
			children = (
				450A11B129F879560050845C /* AlifTest */,
				450A11B029F879560050845C /* Products */,
			);
			sourceTree = "<group>";
		};
		450A11B029F879560050845C /* Products */ = {
			isa = PBXGroup;
			children = (
				450A11AF29F879560050845C /* AlifTest.app */,
			);
			name = Products;
			sourceTree = "<group>";
		};
		450A11B129F879560050845C /* AlifTest */ = {
			isa = PBXGroup;
			children = (
				450A11B229F879570050845C /* AppDelegate.swift */,
				450A11B429F879570050845C /* SceneDelegate.swift */,
				450A11E329F87AA80050845C /* TestNumberOne.swift */,
				45C9BFCC29F994950067323B /* CoreData */,
				450A11FE29F88A5A0050845C /* Screens */,
				450A11FF29F88A7B0050845C /* App */,
				450A120029F88A920050845C /* Module */,
				450A11EF29F885880050845C /* Extensions */,
				450A11B829F879570050845C /* Main.storyboard */,
				450A11BE29F879600050845C /* Assets.xcassets */,
				450A11C029F879600050845C /* LaunchScreen.storyboard */,
				450A11C329F879600050845C /* Info.plist */,
			);
			path = AlifTest;
			sourceTree = "<group>";
		};
		450A11EF29F885880050845C /* Extensions */ = {
			isa = PBXGroup;
			children = (
				450A11EB29F885540050845C /* UIViewController+Alert.swift */,
				450A11ED29F8857E0050845C /* Labels+TextFields.swift */,
				450A11F029F885EB0050845C /* Buttons+ImageView.swift */,
				450A11FC29F88A440050845C /* Color+String.swift */,
			);
			path = Extensions;
			sourceTree = "<group>";
		};
		450A11FE29F88A5A0050845C /* Screens */ = {
			isa = PBXGroup;
			children = (
				450A120529F89D0E0050845C /* TabBar.swift */,
				450A120129F88FF50050845C /* SignIn Login */,
				450A120229F892680050845C /* Task */,
				45C9BFC929F977550067323B /* Edit */,
				450A120929F89F3B0050845C /* Settings */,
			);
			path = Screens;
			sourceTree = "<group>";
		};
		450A11FF29F88A7B0050845C /* App */ = {
			isa = PBXGroup;
			children = (
				450A11F829F887510050845C /* AppFactory.swift */,
				450A11F229F8864B0050845C /* AppCoordinator.swift */,
			);
			path = App;
			sourceTree = "<group>";
		};
		450A120029F88A920050845C /* Module */ = {
			isa = PBXGroup;
			children = (
				450A11F629F8868C0050845C /* Module.swift */,
				450A11F429F8866A0050845C /* Coordinatable.swift */,
			);
			path = Module;
			sourceTree = "<group>";
		};
		450A120129F88FF50050845C /* SignIn Login */ = {
			isa = PBXGroup;
			children = (
				450A11B629F879570050845C /* SigninViewController.swift */,
				450A11E729F884D80050845C /* SigninView.swift */,
				450A11E929F8850D0050845C /* SigninViewModel.swift */,
				450A11FA29F889E40050845C /* LoginViewController.swift */,
			);
			path = "SignIn Login";
			sourceTree = "<group>";
		};
		450A120229F892680050845C /* Task */ = {
			isa = PBXGroup;
			children = (
				450A120329F892840050845C /* TaskViewController.swift */,
				450A121429F934710050845C /* TaskCollectionViewCell.swift */,
				45C9BFC729F95E1A0067323B /* CreateTaskViewController.swift */,
				450A121229F932F30050845C /* TaskView.swift */,
				450A120729F89E880050845C /* TaskViewModel.swift */,
				450A121029F8A0AF0050845C /* TaskCoordinator.swift */,
			);
			path = Task;
			sourceTree = "<group>";
		};
		450A120929F89F3B0050845C /* Settings */ = {
			isa = PBXGroup;
			children = (
				450A120A29F89F570050845C /* SettingsViewController.swift */,
				450A120C29F89F6C0050845C /* SettingsViewModel.swift */,
				450A120E29F8A09E0050845C /* SettingsCoordinator.swift */,
			);
			path = Settings;
			sourceTree = "<group>";
		};
		45C9BFC929F977550067323B /* Edit */ = {
			isa = PBXGroup;
			children = (
				45C9BFCA29F977780067323B /* EditViewController.swift */,
			);
			path = Edit;
			sourceTree = "<group>";
		};
		45C9BFCC29F994950067323B /* CoreData */ = {
			isa = PBXGroup;
			children = (
				450A11E529F883AE0050845C /* CoreDataMeneger.swift */,
				450A11BB29F879570050845C /* AlifTest.xcdatamodeld */,
			);
			path = CoreData;
			sourceTree = "<group>";
		};
/* End PBXGroup section */

/* Begin PBXNativeTarget section */
		450A11AE29F879560050845C /* AlifTest */ = {
			isa = PBXNativeTarget;
			buildConfigurationList = 450A11C629F879600050845C /* Build configuration list for PBXNativeTarget "AlifTest" */;
			buildPhases = (
				450A11AB29F879560050845C /* Sources */,
				450A11AC29F879560050845C /* Frameworks */,
				450A11AD29F879560050845C /* Resources */,
			);
			buildRules = (
			);
			dependencies = (
			);
			name = AlifTest;
			productName = AlifTest;
			productReference = 450A11AF29F879560050845C /* AlifTest.app */;
			productType = "com.apple.product-type.application";
		};
/* End PBXNativeTarget section */

/* Begin PBXProject section */
		450A11A729F879560050845C /* Project object */ = {
			isa = PBXProject;
			attributes = {
				BuildIndependentTargetsInParallel = 1;
				LastSwiftUpdateCheck = 1410;
				LastUpgradeCheck = 1410;
				TargetAttributes = {
					450A11AE29F879560050845C = {
						CreatedOnToolsVersion = 14.1;
					};
				};
			};
			buildConfigurationList = 450A11AA29F879560050845C /* Build configuration list for PBXProject "AlifTest" */;
			compatibilityVersion = "Xcode 14.0";
			developmentRegion = en;
			hasScannedForEncodings = 0;
			knownRegions = (
				en,
				Base,
			);
			mainGroup = 450A11A629F879560050845C;
			productRefGroup = 450A11B029F879560050845C /* Products */;
			projectDirPath = "";
			projectRoot = "";
			targets = (
				450A11AE29F879560050845C /* AlifTest */,
			);
		};
/* End PBXProject section */

/* Begin PBXResourcesBuildPhase section */
		450A11AD29F879560050845C /* Resources */ = {
			isa = PBXResourcesBuildPhase;
			buildActionMask = 2147483647;
			files = (
				450A11C229F879600050845C /* LaunchScreen.storyboard in Resources */,
				450A11BF29F879600050845C /* Assets.xcassets in Resources */,
				450A11BA29F879570050845C /* Main.storyboard in Resources */,
			);
			runOnlyForDeploymentPostprocessing = 0;
		};
/* End PBXResourcesBuildPhase section */

/* Begin PBXSourcesBuildPhase section */
		450A11AB29F879560050845C /* Sources */ = {
			isa = PBXSourcesBuildPhase;
			buildActionMask = 2147483647;
			files = (
				450A11F329F8864B0050845C /* AppCoordinator.swift in Sources */,
				450A11EC29F885540050845C /* UIViewController+Alert.swift in Sources */,
				450A120B29F89F570050845C /* SettingsViewController.swift in Sources */,
				450A120629F89D0E0050845C /* TabBar.swift in Sources */,
				450A11B729F879570050845C /* SigninViewController.swift in Sources */,
				450A121529F934720050845C /* TaskCollectionViewCell.swift in Sources */,
				450A11EE29F8857E0050845C /* Labels+TextFields.swift in Sources */,
				450A11FD29F88A440050845C /* Color+String.swift in Sources */,
				450A121129F8A0AF0050845C /* TaskCoordinator.swift in Sources */,
				450A121329F932F30050845C /* TaskView.swift in Sources */,
				450A11E429F87AA80050845C /* TestNumberOne.swift in Sources */,
				450A11E829F884D80050845C /* SigninView.swift in Sources */,
				450A11E629F883AE0050845C /* CoreDataMeneger.swift in Sources */,
				450A11F529F8866A0050845C /* Coordinatable.swift in Sources */,
				45C9BFC829F95E1A0067323B /* CreateTaskViewController.swift in Sources */,
				450A120F29F8A09E0050845C /* SettingsCoordinator.swift in Sources */,
				450A11EA29F8850D0050845C /* SigninViewModel.swift in Sources */,
				450A11F929F887510050845C /* AppFactory.swift in Sources */,
				450A11BD29F879570050845C /* AlifTest.xcdatamodeld in Sources */,
				450A120829F89E880050845C /* TaskViewModel.swift in Sources */,
				45C9BFCB29F977780067323B /* EditViewController.swift in Sources */,
				450A11F129F885EB0050845C /* Buttons+ImageView.swift in Sources */,
				450A11FB29F889E40050845C /* LoginViewController.swift in Sources */,
				450A11F729F8868C0050845C /* Module.swift in Sources */,
				450A11B329F879570050845C /* AppDelegate.swift in Sources */,
				450A120D29F89F6C0050845C /* SettingsViewModel.swift in Sources */,
				450A11B529F879570050845C /* SceneDelegate.swift in Sources */,
				450A120429F892840050845C /* TaskViewController.swift in Sources */,
			);
			runOnlyForDeploymentPostprocessing = 0;
		};
/* End PBXSourcesBuildPhase section */

/* Begin PBXVariantGroup section */
		450A11B829F879570050845C /* Main.storyboard */ = {
			isa = PBXVariantGroup;
			children = (
				450A11B929F879570050845C /* Base */,
			);
			name = Main.storyboard;
			sourceTree = "<group>";
		};
		450A11C029F879600050845C /* LaunchScreen.storyboard */ = {
			isa = PBXVariantGroup;
			children = (
				450A11C129F879600050845C /* Base */,
			);
			name = LaunchScreen.storyboard;
			sourceTree = "<group>";
		};
/* End PBXVariantGroup section */

/* Begin XCBuildConfiguration section */
		450A11C429F879600050845C /* Debug */ = {
			isa = XCBuildConfiguration;
			buildSettings = {
				ALWAYS_SEARCH_USER_PATHS = NO;
				CLANG_ANALYZER_NONNULL = YES;
				CLANG_ANALYZER_NUMBER_OBJECT_CONVERSION = YES_AGGRESSIVE;
				CLANG_CXX_LANGUAGE_STANDARD = "gnu++20";
				CLANG_ENABLE_MODULES = YES;
				CLANG_ENABLE_OBJC_ARC = YES;
				CLANG_ENABLE_OBJC_WEAK = YES;
				CLANG_WARN_BLOCK_CAPTURE_AUTORELEASING = YES;
				CLANG_WARN_BOOL_CONVERSION = YES;
				CLANG_WARN_COMMA = YES;
				CLANG_WARN_CONSTANT_CONVERSION = YES;
				CLANG_WARN_DEPRECATED_OBJC_IMPLEMENTATIONS = YES;
				CLANG_WARN_DIRECT_OBJC_ISA_USAGE = YES_ERROR;
				CLANG_WARN_DOCUMENTATION_COMMENTS = YES;
				CLANG_WARN_EMPTY_BODY = YES;
				CLANG_WARN_ENUM_CONVERSION = YES;
				CLANG_WARN_INFINITE_RECURSION = YES;
				CLANG_WARN_INT_CONVERSION = YES;
				CLANG_WARN_NON_LITERAL_NULL_CONVERSION = YES;
				CLANG_WARN_OBJC_IMPLICIT_RETAIN_SELF = YES;
				CLANG_WARN_OBJC_LITERAL_CONVERSION = YES;
				CLANG_WARN_OBJC_ROOT_CLASS = YES_ERROR;
				CLANG_WARN_QUOTED_INCLUDE_IN_FRAMEWORK_HEADER = YES;
				CLANG_WARN_RANGE_LOOP_ANALYSIS = YES;
				CLANG_WARN_STRICT_PROTOTYPES = YES;
				CLANG_WARN_SUSPICIOUS_MOVE = YES;
				CLANG_WARN_UNGUARDED_AVAILABILITY = YES_AGGRESSIVE;
				CLANG_WARN_UNREACHABLE_CODE = YES;
				CLANG_WARN__DUPLICATE_METHOD_MATCH = YES;
				COPY_PHASE_STRIP = NO;
				DEBUG_INFORMATION_FORMAT = dwarf;
				ENABLE_STRICT_OBJC_MSGSEND = YES;
				ENABLE_TESTABILITY = YES;
				GCC_C_LANGUAGE_STANDARD = gnu11;
				GCC_DYNAMIC_NO_PIC = NO;
				GCC_NO_COMMON_BLOCKS = YES;
				GCC_OPTIMIZATION_LEVEL = 0;
				GCC_PREPROCESSOR_DEFINITIONS = (
					"DEBUG=1",
					"$(inherited)",
				);
				GCC_WARN_64_TO_32_BIT_CONVERSION = YES;
				GCC_WARN_ABOUT_RETURN_TYPE = YES_ERROR;
				GCC_WARN_UNDECLARED_SELECTOR = YES;
				GCC_WARN_UNINITIALIZED_AUTOS = YES_AGGRESSIVE;
				GCC_WARN_UNUSED_FUNCTION = YES;
				GCC_WARN_UNUSED_VARIABLE = YES;
				IPHONEOS_DEPLOYMENT_TARGET = 16.1;
				MTL_ENABLE_DEBUG_INFO = INCLUDE_SOURCE;
				MTL_FAST_MATH = YES;
				ONLY_ACTIVE_ARCH = YES;
				SDKROOT = iphoneos;
				SWIFT_ACTIVE_COMPILATION_CONDITIONS = DEBUG;
				SWIFT_OPTIMIZATION_LEVEL = "-Onone";
			};
			name = Debug;
		};
		450A11C529F879600050845C /* Release */ = {
			isa = XCBuildConfiguration;
			buildSettings = {
				ALWAYS_SEARCH_USER_PATHS = NO;
				CLANG_ANALYZER_NONNULL = YES;
				CLANG_ANALYZER_NUMBER_OBJECT_CONVERSION = YES_AGGRESSIVE;
				CLANG_CXX_LANGUAGE_STANDARD = "gnu++20";
				CLANG_ENABLE_MODULES = YES;
				CLANG_ENABLE_OBJC_ARC = YES;
				CLANG_ENABLE_OBJC_WEAK = YES;
				CLANG_WARN_BLOCK_CAPTURE_AUTORELEASING = YES;
				CLANG_WARN_BOOL_CONVERSION = YES;
				CLANG_WARN_COMMA = YES;
				CLANG_WARN_CONSTANT_CONVERSION = YES;
				CLANG_WARN_DEPRECATED_OBJC_IMPLEMENTATIONS = YES;
				CLANG_WARN_DIRECT_OBJC_ISA_USAGE = YES_ERROR;
				CLANG_WARN_DOCUMENTATION_COMMENTS = YES;
				CLANG_WARN_EMPTY_BODY = YES;
				CLANG_WARN_ENUM_CONVERSION = YES;
				CLANG_WARN_INFINITE_RECURSION = YES;
				CLANG_WARN_INT_CONVERSION = YES;
				CLANG_WARN_NON_LITERAL_NULL_CONVERSION = YES;
				CLANG_WARN_OBJC_IMPLICIT_RETAIN_SELF = YES;
				CLANG_WARN_OBJC_LITERAL_CONVERSION = YES;
				CLANG_WARN_OBJC_ROOT_CLASS = YES_ERROR;
				CLANG_WARN_QUOTED_INCLUDE_IN_FRAMEWORK_HEADER = YES;
				CLANG_WARN_RANGE_LOOP_ANALYSIS = YES;
				CLANG_WARN_STRICT_PROTOTYPES = YES;
				CLANG_WARN_SUSPICIOUS_MOVE = YES;
				CLANG_WARN_UNGUARDED_AVAILABILITY = YES_AGGRESSIVE;
				CLANG_WARN_UNREACHABLE_CODE = YES;
				CLANG_WARN__DUPLICATE_METHOD_MATCH = YES;
				COPY_PHASE_STRIP = NO;
				DEBUG_INFORMATION_FORMAT = "dwarf-with-dsym";
				ENABLE_NS_ASSERTIONS = NO;
				ENABLE_STRICT_OBJC_MSGSEND = YES;
				GCC_C_LANGUAGE_STANDARD = gnu11;
				GCC_NO_COMMON_BLOCKS = YES;
				GCC_WARN_64_TO_32_BIT_CONVERSION = YES;
				GCC_WARN_ABOUT_RETURN_TYPE = YES_ERROR;
				GCC_WARN_UNDECLARED_SELECTOR = YES;
				GCC_WARN_UNINITIALIZED_AUTOS = YES_AGGRESSIVE;
				GCC_WARN_UNUSED_FUNCTION = YES;
				GCC_WARN_UNUSED_VARIABLE = YES;
				IPHONEOS_DEPLOYMENT_TARGET = 16.1;
				MTL_ENABLE_DEBUG_INFO = NO;
				MTL_FAST_MATH = YES;
				SDKROOT = iphoneos;
				SWIFT_COMPILATION_MODE = wholemodule;
				SWIFT_OPTIMIZATION_LEVEL = "-O";
				VALIDATE_PRODUCT = YES;
			};
			name = Release;
		};
		450A11C729F879600050845C /* Debug */ = {
			isa = XCBuildConfiguration;
			buildSettings = {
				ASSETCATALOG_COMPILER_APPICON_NAME = AppIcon;
				ASSETCATALOG_COMPILER_GLOBAL_ACCENT_COLOR_NAME = AccentColor;
				CODE_SIGN_STYLE = Automatic;
				CURRENT_PROJECT_VERSION = 1;
				DEVELOPMENT_TEAM = JZPU7337NX;
				GENERATE_INFOPLIST_FILE = YES;
				INFOPLIST_FILE = AlifTest/Info.plist;
				INFOPLIST_KEY_UIApplicationSupportsIndirectInputEvents = YES;
				INFOPLIST_KEY_UILaunchStoryboardName = LaunchScreen;
				INFOPLIST_KEY_UIMainStoryboardFile = "";
				INFOPLIST_KEY_UISupportedInterfaceOrientations_iPad = "UIInterfaceOrientationPortrait UIInterfaceOrientationPortraitUpsideDown UIInterfaceOrientationLandscapeLeft UIInterfaceOrientationLandscapeRight";
				INFOPLIST_KEY_UISupportedInterfaceOrientations_iPhone = "UIInterfaceOrientationPortrait UIInterfaceOrientationLandscapeLeft UIInterfaceOrientationLandscapeRight";
				LD_RUNPATH_SEARCH_PATHS = (
					"$(inherited)",
					"@executable_path/Frameworks",
				);
				MARKETING_VERSION = 1.0;
				PRODUCT_BUNDLE_IDENTIFIER = "Roman-Vronsky.AlifTest";
				PRODUCT_NAME = "$(TARGET_NAME)";
				SWIFT_EMIT_LOC_STRINGS = YES;
				SWIFT_VERSION = 5.0;
				TARGETED_DEVICE_FAMILY = "1,2";
			};
			name = Debug;
		};
		450A11C829F879600050845C /* Release */ = {
			isa = XCBuildConfiguration;
			buildSettings = {
				ASSETCATALOG_COMPILER_APPICON_NAME = AppIcon;
				ASSETCATALOG_COMPILER_GLOBAL_ACCENT_COLOR_NAME = AccentColor;
				CODE_SIGN_STYLE = Automatic;
				CURRENT_PROJECT_VERSION = 1;
				DEVELOPMENT_TEAM = JZPU7337NX;
				GENERATE_INFOPLIST_FILE = YES;
				INFOPLIST_FILE = AlifTest/Info.plist;
				INFOPLIST_KEY_UIApplicationSupportsIndirectInputEvents = YES;
				INFOPLIST_KEY_UILaunchStoryboardName = LaunchScreen;
				INFOPLIST_KEY_UIMainStoryboardFile = "";
				INFOPLIST_KEY_UISupportedInterfaceOrientations_iPad = "UIInterfaceOrientationPortrait UIInterfaceOrientationPortraitUpsideDown UIInterfaceOrientationLandscapeLeft UIInterfaceOrientationLandscapeRight";
				INFOPLIST_KEY_UISupportedInterfaceOrientations_iPhone = "UIInterfaceOrientationPortrait UIInterfaceOrientationLandscapeLeft UIInterfaceOrientationLandscapeRight";
				LD_RUNPATH_SEARCH_PATHS = (
					"$(inherited)",
					"@executable_path/Frameworks",
				);
				MARKETING_VERSION = 1.0;
				PRODUCT_BUNDLE_IDENTIFIER = "Roman-Vronsky.AlifTest";
				PRODUCT_NAME = "$(TARGET_NAME)";
				SWIFT_EMIT_LOC_STRINGS = YES;
				SWIFT_VERSION = 5.0;
				TARGETED_DEVICE_FAMILY = "1,2";
			};
			name = Release;
		};
/* End XCBuildConfiguration section */

/* Begin XCConfigurationList section */
		450A11AA29F879560050845C /* Build configuration list for PBXProject "AlifTest" */ = {
			isa = XCConfigurationList;
			buildConfigurations = (
				450A11C429F879600050845C /* Debug */,
				450A11C529F879600050845C /* Release */,
			);
			defaultConfigurationIsVisible = 0;
			defaultConfigurationName = Release;
		};
		450A11C629F879600050845C /* Build configuration list for PBXNativeTarget "AlifTest" */ = {
			isa = XCConfigurationList;
			buildConfigurations = (
				450A11C729F879600050845C /* Debug */,
				450A11C829F879600050845C /* Release */,
			);
			defaultConfigurationIsVisible = 0;
			defaultConfigurationName = Release;
		};
/* End XCConfigurationList section */

/* Begin XCVersionGroup section */
		450A11BB29F879570050845C /* AlifTest.xcdatamodeld */ = {
			isa = XCVersionGroup;
			children = (
				450A11BC29F879570050845C /* AlifTest.xcdatamodel */,
			);
			currentVersion = 450A11BC29F879570050845C /* AlifTest.xcdatamodel */;
			path = AlifTest.xcdatamodeld;
			sourceTree = "<group>";
			versionGroupType = wrapper.xcdatamodel;
		};
/* End XCVersionGroup section */
	};
	rootObject = 450A11A729F879560050845C /* Project object */;
}
